
Microsoft Visual Studio Solution File, Format Version 12.00
# Visual Studio Version 17
VisualStudioVersion = 17.7.34221.43
MinimumVisualStudioVersion = 10.0.40219.1
Project("{FAE04EC0-301F-11D3-BF4B-00C04F79EFBC}") = "CFAFNED", "CFAFNED\CFAFNED.csproj", "{F66A5D85-6314-442E-A3C7-5680B53C5743}"
EndProject
Global
	GlobalSection(SolutionConfigurationPlatforms) = preSolution
		Debug|Any CPU = Debug|Any CPU
		Release|Any CPU = Release|Any CPU
	EndGlobalSection
	GlobalSection(ProjectConfigurationPlatforms) = postSolution
		{F66A5D85-6314-442E-A3C7-5680B53C5743}.Debug|Any CPU.ActiveCfg = Debug|Any CPU
		{F66A5D85-6314-442E-A3C7-5680B53C5743}.Debug|Any CPU.Build.0 = Debug|Any CPU
		{F66A5D85-6314-442E-A3C7-5680B53C5743}.Release|Any CPU.ActiveCfg = Release|Any CPU
		{F66A5D85-6314-442E-A3C7-5680B53C5743}.Release|Any CPU.Build.0 = Release|Any CPU
	EndGlobalSection
	GlobalSection(SolutionProperties) = preSolution
		HideSolutionNode = FALSE
	EndGlobalSection
	GlobalSection(ExtensibilityGlobals) = postSolution
		SolutionGuid = {5A45A67E-736A-4626-889B-98A0900CEF20}
	EndGlobalSection
EndGlobal
